
Microsoft Visual Studio Solution File, Format Version 12.00
# Visual Studio 15
VisualStudioVersion = 15.0.26124.0
MinimumVisualStudioVersion = 15.0.26124.0
Project("{FAE04EC0-301F-11D3-BF4B-00C04F79EFBC}") = "Berättelse", "Berättelse\Berättelse.csproj", "{3447BA06-C61F-42C7-84EB-795A73FEA96C}"
EndProject
Global
	GlobalSection(SolutionConfigurationPlatforms) = preSolution
		Debug|Any CPU = Debug|Any CPU
		Debug|x64 = Debug|x64
		Debug|x86 = Debug|x86
		Release|Any CPU = Release|Any CPU
		Release|x64 = Release|x64
		Release|x86 = Release|x86
	EndGlobalSection
	GlobalSection(SolutionProperties) = preSolution
		HideSolutionNode = FALSE
	EndGlobalSection
	GlobalSection(ProjectConfigurationPlatforms) = postSolution
		{3447BA06-C61F-42C7-84EB-795A73FEA96C}.Debug|Any CPU.ActiveCfg = Debug|Any CPU
		{3447BA06-C61F-42C7-84EB-795A73FEA96C}.Debug|Any CPU.Build.0 = Debug|Any CPU
		{3447BA06-C61F-42C7-84EB-795A73FEA96C}.Debug|x64.ActiveCfg = Debug|Any CPU
		{3447BA06-C61F-42C7-84EB-795A73FEA96C}.Debug|x64.Build.0 = Debug|Any CPU
		{3447BA06-C61F-42C7-84EB-795A73FEA96C}.Debug|x86.ActiveCfg = Debug|Any CPU
		{3447BA06-C61F-42C7-84EB-795A73FEA96C}.Debug|x86.Build.0 = Debug|Any CPU
		{3447BA06-C61F-42C7-84EB-795A73FEA96C}.Release|Any CPU.ActiveCfg = Release|Any CPU
		{3447BA06-C61F-42C7-84EB-795A73FEA96C}.Release|Any CPU.Build.0 = Release|Any CPU
		{3447BA06-C61F-42C7-84EB-795A73FEA96C}.Release|x64.ActiveCfg = Release|Any CPU
		{3447BA06-C61F-42C7-84EB-795A73FEA96C}.Release|x64.Build.0 = Release|Any CPU
		{3447BA06-C61F-42C7-84EB-795A73FEA96C}.Release|x86.ActiveCfg = Release|Any CPU
		{3447BA06-C61F-42C7-84EB-795A73FEA96C}.Release|x86.Build.0 = Release|Any CPU
	EndGlobalSection
EndGlobal
